
Microsoft Visual Studio Solution File, Format Version 12.00
# Visual Studio Version 17
VisualStudioVersion = 17.5.33414.496
MinimumVisualStudioVersion = 10.0.40219.1
Project("{FAE04EC0-301F-11D3-BF4B-00C04F79EFBC}") = "CleanUnusedAssets", "CleanUnusedAssets\CleanUnusedAssets.csproj", "{FFCAA366-B807-49AF-BA25-BF947A85807A}"
EndProject
Global
	GlobalSection(SolutionConfigurationPlatforms) = preSolution
		Debug|Any CPU = Debug|Any CPU
		Release|Any CPU = Release|Any CPU
	EndGlobalSection
	GlobalSection(ProjectConfigurationPlatforms) = postSolution
		{FFCAA366-B807-49AF-BA25-BF947A85807A}.Debug|Any CPU.ActiveCfg = Debug|Any CPU
		{FFCAA366-B807-49AF-BA25-BF947A85807A}.Debug|Any CPU.Build.0 = Debug|Any CPU
		{FFCAA366-B807-49AF-BA25-BF947A85807A}.Release|Any CPU.ActiveCfg = Release|Any CPU
		{FFCAA366-B807-49AF-BA25-BF947A85807A}.Release|Any CPU.Build.0 = Release|Any CPU
	EndGlobalSection
	GlobalSection(SolutionProperties) = preSolution
		HideSolutionNode = FALSE
	EndGlobalSection
	GlobalSection(ExtensibilityGlobals) = postSolution
		SolutionGuid = {DE3887CD-DC13-4DC8-9FCB-9B66B64C4075}
	EndGlobalSection
EndGlobal
